
Microsoft Visual Studio Solution File, Format Version 12.00
# Visual Studio 15
VisualStudioVersion = 15.0.28307.2092
MinimumVisualStudioVersion = 10.0.40219.1
Project("{FAE04EC0-301F-11D3-BF4B-00C04F79EFBC}") = "ExamenSoftware", "ExamenSoftware\ExamenSoftware.csproj", "{FC8A9451-C32A-49CD-95D3-84D310C418ED}"
EndProject
Global
	GlobalSection(SolutionConfigurationPlatforms) = preSolution
		Debug|Any CPU = Debug|Any CPU
		Release|Any CPU = Release|Any CPU
	EndGlobalSection
	GlobalSection(ProjectConfigurationPlatforms) = postSolution
		{FC8A9451-C32A-49CD-95D3-84D310C418ED}.Debug|Any CPU.ActiveCfg = Debug|Any CPU
		{FC8A9451-C32A-49CD-95D3-84D310C418ED}.Debug|Any CPU.Build.0 = Debug|Any CPU
		{FC8A9451-C32A-49CD-95D3-84D310C418ED}.Release|Any CPU.ActiveCfg = Release|Any CPU
		{FC8A9451-C32A-49CD-95D3-84D310C418ED}.Release|Any CPU.Build.0 = Release|Any CPU
	EndGlobalSection
	GlobalSection(SolutionProperties) = preSolution
		HideSolutionNode = FALSE
	EndGlobalSection
	GlobalSection(ExtensibilityGlobals) = postSolution
		SolutionGuid = {7A7C6B42-3B2B-4DCA-A7CE-3527313693C4}
	EndGlobalSection
EndGlobal
